
Microsoft Visual Studio Solution File, Format Version 12.00
# Visual Studio 15
VisualStudioVersion = 15.0.28010.2048
MinimumVisualStudioVersion = 10.0.40219.1
Project("{9A19103F-16F7-4668-BE54-9A1E7A4F7556}") = "SyncService", "src\SyncService\SyncService.csproj", "{D6A8B3A5-1979-44E5-916F-99B23A1B1E71}"
EndProject
Project("{9A19103F-16F7-4668-BE54-9A1E7A4F7556}") = "Kyrodan.HiDrive", "src\Kyrodan.HiDrive\Kyrodan.HiDrive.csproj", "{76A2B454-1AE9-49BD-891E-66B5629EEC8B}"
EndProject
Global
	GlobalSection(SolutionConfigurationPlatforms) = preSolution
		Debug|Any CPU = Debug|Any CPU
		Release|Any CPU = Release|Any CPU
	EndGlobalSection
	GlobalSection(ProjectConfigurationPlatforms) = postSolution
		{D6A8B3A5-1979-44E5-916F-99B23A1B1E71}.Debug|Any CPU.ActiveCfg = Debug|Any CPU
		{D6A8B3A5-1979-44E5-916F-99B23A1B1E71}.Debug|Any CPU.Build.0 = Debug|Any CPU
		{D6A8B3A5-1979-44E5-916F-99B23A1B1E71}.Release|Any CPU.ActiveCfg = Release|Any CPU
		{D6A8B3A5-1979-44E5-916F-99B23A1B1E71}.Release|Any CPU.Build.0 = Release|Any CPU
		{76A2B454-1AE9-49BD-891E-66B5629EEC8B}.Debug|Any CPU.ActiveCfg = Debug|Any CPU
		{76A2B454-1AE9-49BD-891E-66B5629EEC8B}.Debug|Any CPU.Build.0 = Debug|Any CPU
		{76A2B454-1AE9-49BD-891E-66B5629EEC8B}.Release|Any CPU.ActiveCfg = Release|Any CPU
		{76A2B454-1AE9-49BD-891E-66B5629EEC8B}.Release|Any CPU.Build.0 = Release|Any CPU
	EndGlobalSection
	GlobalSection(SolutionProperties) = preSolution
		HideSolutionNode = FALSE
	EndGlobalSection
	GlobalSection(ExtensibilityGlobals) = postSolution
		SolutionGuid = {E7B52DE7-B805-45FE-A778-F198182A807D}
	EndGlobalSection
EndGlobal
